
Microsoft Visual Studio Solution File, Format Version 12.00
Project("{FAE04EC0-301F-11D3-BF4B-00C04F79EFBC}") = "travel", "travel\travel.csproj", "{D8283D8C-739C-438E-B794-66F37B467662}"
EndProject
Global
	GlobalSection(SolutionConfigurationPlatforms) = preSolution
		Debug|Any CPU = Debug|Any CPU
		Release|Any CPU = Release|Any CPU
	EndGlobalSection
	GlobalSection(ProjectConfigurationPlatforms) = postSolution
		{D8283D8C-739C-438E-B794-66F37B467662}.Debug|Any CPU.ActiveCfg = Debug|Any CPU
		{D8283D8C-739C-438E-B794-66F37B467662}.Debug|Any CPU.Build.0 = Debug|Any CPU
		{D8283D8C-739C-438E-B794-66F37B467662}.Release|Any CPU.ActiveCfg = Release|Any CPU
		{D8283D8C-739C-438E-B794-66F37B467662}.Release|Any CPU.Build.0 = Release|Any CPU
	EndGlobalSection
EndGlobal
